version = 1
revision = 1
requires-python = ">=3.12, <4"

[[package]]
name = "asgiref"
version = "3.8.1"
source = { registry = "https://pypi.org/simple" }
sdist = { url = "https://files.pythonhosted.org/packages/29/38/b3395cc9ad1b56d2ddac9970bc8f4141312dbaec28bc7c218b0dfafd0f42/asgiref-3.8.1.tar.gz", hash = "sha256:c343bd80a0bec947a9860adb4c432ffa7db769836c64238fc34bdc3fec84d590", size = 35186 }
wheels = [
    { url = "https://files.pythonhosted.org/packages/39/e3/893e8757be2612e6c266d9bb58ad2e3651524b5b40cf56761e985a28b13e/asgiref-3.8.1-py3-none-any.whl", hash = "sha256:3e1e3ecc849832fe52ccf2cb6686b7a55f82bb1d6aee72a58826471390335e47", size = 23828 },
]

[[package]]
name = "autopep8"
version = "2.3.2"
source = { registry = "https://pypi.org/simple" }
dependencies = [
    { name = "pycodestyle" },
]
sdist = { url = "https://files.pythonhosted.org/packages/50/d8/30873d2b7b57dee9263e53d142da044c4600a46f2d28374b3e38b023df16/autopep8-2.3.2.tar.gz", hash = "sha256:89440a4f969197b69a995e4ce0661b031f455a9f776d2c5ba3dbd83466931758", size = 92210 }
wheels = [
    { url = "https://files.pythonhosted.org/packages/9e/43/53afb8ba17218f19b77c7834128566c5bbb100a0ad9ba2e8e89d089d7079/autopep8-2.3.2-py2.py3-none-any.whl", hash = "sha256:ce8ad498672c845a0c3de2629c15b635ec2b05ef8177a6e7c91c74f3e9b51128", size = 45807 },
]

[[package]]
name = "bcrypt"
version = "4.3.0"
source = { registry = "https://pypi.org/simple" }
sdist = { url = "https://files.pythonhosted.org/packages/bb/5d/6d7433e0f3cd46ce0b43cd65e1db465ea024dbb8216fb2404e919c2ad77b/bcrypt-4.3.0.tar.gz", hash = "sha256:3a3fd2204178b6d2adcf09cb4f6426ffef54762577a7c9b54c159008cb288c18", size = 25697 }
wheels = [
    { url = "https://files.pythonhosted.org/packages/bf/2c/3d44e853d1fe969d229bd58d39ae6902b3d924af0e2b5a60d17d4b809ded/bcrypt-4.3.0-cp313-cp313t-macosx_10_12_universal2.whl", hash = "sha256:f01e060f14b6b57bbb72fc5b4a83ac21c443c9a2ee708e04a10e9192f90a6281", size = 483719 },
    { url = "https://files.pythonhosted.org/packages/a1/e2/58ff6e2a22eca2e2cff5370ae56dba29d70b1ea6fc08ee9115c3ae367795/bcrypt-4.3.0-cp313-cp313t-manylinux_2_17_aarch64.manylinux2014_aarch64.whl", hash = "sha256:c5eeac541cefd0bb887a371ef73c62c3cd78535e4887b310626036a7c0a817bb", size = 272001 },
    { url = "https://files.pythonhosted.org/packages/37/1f/c55ed8dbe994b1d088309e366749633c9eb90d139af3c0a50c102ba68a1a/bcrypt-4.3.0-cp313-cp313t-manylinux_2_17_x86_64.manylinux2014_x86_64.whl", hash = "sha256:59e1aa0e2cd871b08ca146ed08445038f42ff75968c7ae50d2fdd7860ade2180", size = 277451 },
    { url = "https://files.pythonhosted.org/packages/d7/1c/794feb2ecf22fe73dcfb697ea7057f632061faceb7dcf0f155f3443b4d79/bcrypt-4.3.0-cp313-cp313t-manylinux_2_28_aarch64.whl", hash = "sha256:0042b2e342e9ae3d2ed22727c1262f76cc4f345683b5c1715f0250cf4277294f", size = 272792 },
    { url = "https://files.pythonhosted.org/packages/13/b7/0b289506a3f3598c2ae2bdfa0ea66969812ed200264e3f61df77753eee6d/bcrypt-4.3.0-cp313-cp313t-manylinux_2_28_armv7l.manylinux_2_31_armv7l.whl", hash = "sha256:74a8d21a09f5e025a9a23e7c0fd2c7fe8e7503e4d356c0a2c1486ba010619f09", size = 289752 },
    { url = "https://files.pythonhosted.org/packages/dc/24/d0fb023788afe9e83cc118895a9f6c57e1044e7e1672f045e46733421fe6/bcrypt-4.3.0-cp313-cp313t-manylinux_2_28_x86_64.whl", hash = "sha256:0142b2cb84a009f8452c8c5a33ace5e3dfec4159e7735f5afe9a4d50a8ea722d", size = 277762 },
    { url = "https://files.pythonhosted.org/packages/e4/38/cde58089492e55ac4ef6c49fea7027600c84fd23f7520c62118c03b4625e/bcrypt-4.3.0-cp313-cp313t-manylinux_2_34_aarch64.whl", hash = "sha256:12fa6ce40cde3f0b899729dbd7d5e8811cb892d31b6f7d0334a1f37748b789fd", size = 272384 },
    { url = "https://files.pythonhosted.org/packages/de/6a/d5026520843490cfc8135d03012a413e4532a400e471e6188b01b2de853f/bcrypt-4.3.0-cp313-cp313t-manylinux_2_34_x86_64.whl", hash = "sha256:5bd3cca1f2aa5dbcf39e2aa13dd094ea181f48959e1071265de49cc2b82525af", size = 277329 },
    { url = "https://files.pythonhosted.org/packages/b3/a3/4fc5255e60486466c389e28c12579d2829b28a527360e9430b4041df4cf9/bcrypt-4.3.0-cp313-cp313t-musllinux_1_1_aarch64.whl", hash = "sha256:335a420cfd63fc5bc27308e929bee231c15c85cc4c496610ffb17923abf7f231", size = 305241 },
    { url = "https://files.pythonhosted.org/packages/c7/15/2b37bc07d6ce27cc94e5b10fd5058900eb8fb11642300e932c8c82e25c4a/bcrypt-4.3.0-cp313-cp313t-musllinux_1_1_x86_64.whl", hash = "sha256:0e30e5e67aed0187a1764911af023043b4542e70a7461ad20e837e94d23e1d6c", size = 309617 },
    { url = "https://files.pythonhosted.org/packages/5f/1f/99f65edb09e6c935232ba0430c8c13bb98cb3194b6d636e61d93fe60ac59/bcrypt-4.3.0-cp313-cp313t-musllinux_1_2_aarch64.whl", hash = "sha256:3b8d62290ebefd49ee0b3ce7500f5dbdcf13b81402c05f6dafab9a1e1b27212f", size = 335751 },
    { url = "https://files.pythonhosted.org/packages/00/1b/b324030c706711c99769988fcb694b3cb23f247ad39a7823a78e361bdbb8/bcrypt-4.3.0-cp313-cp313t-musllinux_1_2_x86_64.whl", hash = "sha256:2ef6630e0ec01376f59a006dc72918b1bf436c3b571b80fa1968d775fa02fe7d", size = 355965 },
    { url = "https://files.pythonhosted.org/packages/aa/dd/20372a0579dd915dfc3b1cd4943b3bca431866fcb1dfdfd7518c3caddea6/bcrypt-4.3.0-cp313-cp313t-win32.whl", hash = "sha256:7a4be4cbf241afee43f1c3969b9103a41b40bcb3a3f467ab19f891d9bc4642e4", size = 155316 },
    { url = "https://files.pythonhosted.org/packages/6d/52/45d969fcff6b5577c2bf17098dc36269b4c02197d551371c023130c0f890/bcrypt-4.3.0-cp313-cp313t-win_amd64.whl", hash = "sha256:5c1949bf259a388863ced887c7861da1df681cb2388645766c89fdfd9004c669", size = 147752 },
    { url = "https://files.pythonhosted.org/packages/11/22/5ada0b9af72b60cbc4c9a399fdde4af0feaa609d27eb0adc61607997a3fa/bcrypt-4.3.0-cp38-abi3-macosx_10_12_universal2.whl", hash = "sha256:f81b0ed2639568bf14749112298f9e4e2b28853dab50a8b357e31798686a036d", size = 498019 },
    { url = "https://files.pythonhosted.org/packages/b8/8c/252a1edc598dc1ce57905be173328eda073083826955ee3c97c7ff5ba584/bcrypt-4.3.0-cp38-abi3-manylinux_2_17_aarch64.manylinux2014_aarch64.whl", hash = "sha256:864f8f19adbe13b7de11ba15d85d4a428c7e2f344bac110f667676a0ff84924b", size = 279174 },
    { url = "https://files.pythonhosted.org/packages/29/5b/4547d5c49b85f0337c13929f2ccbe08b7283069eea3550a457914fc078aa/bcrypt-4.3.0-cp38-abi3-manylinux_2_17_x86_64.manylinux2014_x86_64.whl", hash = "sha256:3e36506d001e93bffe59754397572f21bb5dc7c83f54454c990c74a468cd589e", size = 283870 },
    { url = "https://files.pythonhosted.org/packages/be/21/7dbaf3fa1745cb63f776bb046e481fbababd7d344c5324eab47f5ca92dd2/bcrypt-4.3.0-cp38-abi3-manylinux_2_28_aarch64.whl", hash = "sha256:842d08d75d9fe9fb94b18b071090220697f9f184d4547179b60734846461ed59", size = 279601 },
    { url = "https://files.pythonhosted.org/packages/6d/64/e042fc8262e971347d9230d9abbe70d68b0a549acd8611c83cebd3eaec67/bcrypt-4.3.0-cp38-abi3-manylinux_2_28_armv7l.manylinux_2_31_armv7l.whl", hash = "sha256:7c03296b85cb87db865d91da79bf63d5609284fc0cab9472fdd8367bbd830753", size = 297660 },
    { url = "https://files.pythonhosted.org/packages/50/b8/6294eb84a3fef3b67c69b4470fcdd5326676806bf2519cda79331ab3c3a9/bcrypt-4.3.0-cp38-abi3-manylinux_2_28_x86_64.whl", hash = "sha256:62f26585e8b219cdc909b6a0069efc5e4267e25d4a3770a364ac58024f62a761", size = 284083 },
    { url = "https://files.pythonhosted.org/packages/62/e6/baff635a4f2c42e8788fe1b1633911c38551ecca9a749d1052d296329da6/bcrypt-4.3.0-cp38-abi3-manylinux_2_34_aarch64.whl", hash = "sha256:beeefe437218a65322fbd0069eb437e7c98137e08f22c4660ac2dc795c31f8bb", size = 279237 },
    { url = "https://files.pythonhosted.org/packages/39/48/46f623f1b0c7dc2e5de0b8af5e6f5ac4cc26408ac33f3d424e5ad8da4a90/bcrypt-4.3.0-cp38-abi3-manylinux_2_34_x86_64.whl", hash = "sha256:97eea7408db3a5bcce4a55d13245ab3fa566e23b4c67cd227062bb49e26c585d", size = 283737 },
    { url = "https://files.pythonhosted.org/packages/49/8b/70671c3ce9c0fca4a6cc3cc6ccbaa7e948875a2e62cbd146e04a4011899c/bcrypt-4.3.0-cp38-abi3-musllinux_1_1_aarch64.whl", hash = "sha256:191354ebfe305e84f344c5964c7cd5f924a3bfc5d405c75ad07f232b6dffb49f", size = 312741 },
    { url = "https://files.pythonhosted.org/packages/27/fb/910d3a1caa2d249b6040a5caf9f9866c52114d51523ac2fb47578a27faee/bcrypt-4.3.0-cp38-abi3-musllinux_1_1_x86_64.whl", hash = "sha256:41261d64150858eeb5ff43c753c4b216991e0ae16614a308a15d909503617732", size = 316472 },
    { url = "https://files.pythonhosted.org/packages/dc/cf/7cf3a05b66ce466cfb575dbbda39718d45a609daa78500f57fa9f36fa3c0/bcrypt-4.3.0-cp38-abi3-musllinux_1_2_aarch64.whl", hash = "sha256:33752b1ba962ee793fa2b6321404bf20011fe45b9afd2a842139de3011898fef", size = 343606 },
    { url = "https://files.pythonhosted.org/packages/e3/b8/e970ecc6d7e355c0d892b7f733480f4aa8509f99b33e71550242cf0b7e63/bcrypt-4.3.0-cp38-abi3-musllinux_1_2_x86_64.whl", hash = "sha256:50e6e80a4bfd23a25f5c05b90167c19030cf9f87930f7cb2eacb99f45d1c3304", size = 362867 },
    { url = "https://files.pythonhosted.org/packages/a9/97/8d3118efd8354c555a3422d544163f40d9f236be5b96c714086463f11699/bcrypt-4.3.0-cp38-abi3-win32.whl", hash = "sha256:67a561c4d9fb9465ec866177e7aebcad08fe23aaf6fbd692a6fab69088abfc51", size = 160589 },
    { url = "https://files.pythonhosted.org/packages/29/07/416f0b99f7f3997c69815365babbc2e8754181a4b1899d921b3c7d5b6f12/bcrypt-4.3.0-cp38-abi3-win_amd64.whl", hash = "sha256:584027857bc2843772114717a7490a37f68da563b3620f78a849bcb54dc11e62", size = 152794 },
    { url = "https://files.pythonhosted.org/packages/6e/c1/3fa0e9e4e0bfd3fd77eb8b52ec198fd6e1fd7e9402052e43f23483f956dd/bcrypt-4.3.0-cp39-abi3-macosx_10_12_universal2.whl", hash = "sha256:0d3efb1157edebfd9128e4e46e2ac1a64e0c1fe46fb023158a407c7892b0f8c3", size = 498969 },
    { url = "https://files.pythonhosted.org/packages/ce/d4/755ce19b6743394787fbd7dff6bf271b27ee9b5912a97242e3caf125885b/bcrypt-4.3.0-cp39-abi3-manylinux_2_17_aarch64.manylinux2014_aarch64.whl", hash = "sha256:08bacc884fd302b611226c01014eca277d48f0a05187666bca23aac0dad6fe24", size = 279158 },
    { url = "https://files.pythonhosted.org/packages/9b/5d/805ef1a749c965c46b28285dfb5cd272a7ed9fa971f970435a5133250182/bcrypt-4.3.0-cp39-abi3-manylinux_2_17_x86_64.manylinux2014_x86_64.whl", hash = "sha256:f6746e6fec103fcd509b96bacdfdaa2fbde9a553245dbada284435173a6f1aef", size = 284285 },
    { url = "https://files.pythonhosted.org/packages/ab/2b/698580547a4a4988e415721b71eb45e80c879f0fb04a62da131f45987b96/bcrypt-4.3.0-cp39-abi3-manylinux_2_28_aarch64.whl", hash = "sha256:afe327968aaf13fc143a56a3360cb27d4ad0345e34da12c7290f1b00b8fe9a8b", size = 279583 },
    { url = "https://files.pythonhosted.org/packages/f2/87/62e1e426418204db520f955ffd06f1efd389feca893dad7095bf35612eec/bcrypt-4.3.0-cp39-abi3-manylinux_2_28_armv7l.manylinux_2_31_armv7l.whl", hash = "sha256:d9af79d322e735b1fc33404b5765108ae0ff232d4b54666d46730f8ac1a43676", size = 297896 },
    { url = "https://files.pythonhosted.org/packages/cb/c6/8fedca4c2ada1b6e889c52d2943b2f968d3427e5d65f595620ec4c06fa2f/bcrypt-4.3.0-cp39-abi3-manylinux_2_28_x86_64.whl", hash = "sha256:f1e3ffa1365e8702dc48c8b360fef8d7afeca482809c5e45e653af82ccd088c1", size = 284492 },
    { url = "https://files.pythonhosted.org/packages/4d/4d/c43332dcaaddb7710a8ff5269fcccba97ed3c85987ddaa808db084267b9a/bcrypt-4.3.0-cp39-abi3-manylinux_2_34_aarch64.whl", hash = "sha256:3004df1b323d10021fda07a813fd33e0fd57bef0e9a480bb143877f6cba996fe", size = 279213 },
    { url = "https://files.pythonhosted.org/packages/dc/7f/1e36379e169a7df3a14a1c160a49b7b918600a6008de43ff20d479e6f4b5/bcrypt-4.3.0-cp39-abi3-manylinux_2_34_x86_64.whl", hash = "sha256:531457e5c839d8caea9b589a1bcfe3756b0547d7814e9ce3d437f17da75c32b0", size = 284162 },
    { url = "https://files.pythonhosted.org/packages/1c/0a/644b2731194b0d7646f3210dc4d80c7fee3ecb3a1f791a6e0ae6bb8684e3/bcrypt-4.3.0-cp39-abi3-musllinux_1_1_aarch64.whl", hash = "sha256:17a854d9a7a476a89dcef6c8bd119ad23e0f82557afbd2c442777a16408e614f", size = 312856 },
    { url = "https://files.pythonhosted.org/packages/dc/62/2a871837c0bb6ab0c9a88bf54de0fc021a6a08832d4ea313ed92a669d437/bcrypt-4.3.0-cp39-abi3-musllinux_1_1_x86_64.whl", hash = "sha256:6fb1fd3ab08c0cbc6826a2e0447610c6f09e983a281b919ed721ad32236b8b23", size = 316726 },
    { url = "https://files.pythonhosted.org/packages/0c/a1/9898ea3faac0b156d457fd73a3cb9c2855c6fd063e44b8522925cdd8ce46/bcrypt-4.3.0-cp39-abi3-musllinux_1_2_aarch64.whl", hash = "sha256:e965a9c1e9a393b8005031ff52583cedc15b7884fce7deb8b0346388837d6cfe", size = 343664 },
    { url = "https://files.pythonhosted.org/packages/40/f2/71b4ed65ce38982ecdda0ff20c3ad1b15e71949c78b2c053df53629ce940/bcrypt-4.3.0-cp39-abi3-musllinux_1_2_x86_64.whl", hash = "sha256:79e70b8342a33b52b55d93b3a59223a844962bef479f6a0ea318ebbcadf71505", size = 363128 },
    { url = "https://files.pythonhosted.org/packages/11/99/12f6a58eca6dea4be992d6c681b7ec9410a1d9f5cf368c61437e31daa879/bcrypt-4.3.0-cp39-abi3-win32.whl", hash = "sha256:b4d4e57f0a63fd0b358eb765063ff661328f69a04494427265950c71b992a39a", size = 160598 },
    { url = "https://files.pythonhosted.org/packages/a9/cf/45fb5261ece3e6b9817d3d82b2f343a505fd58674a92577923bc500bd1aa/bcrypt-4.3.0-cp39-abi3-win_amd64.whl", hash = "sha256:e53e074b120f2877a35cc6c736b8eb161377caae8925c17688bd46ba56daaa5b", size = 152799 },
]

[[package]]
name = "certifi"
version = "2025.1.31"
source = { registry = "https://pypi.org/simple" }
sdist = { url = "https://files.pythonhosted.org/packages/1c/ab/c9f1e32b7b1bf505bf26f0ef697775960db7932abeb7b516de930ba2705f/certifi-2025.1.31.tar.gz", hash = "sha256:3d5da6925056f6f18f119200434a4780a94263f10d1c21d032a6f6b2baa20651", size = 167577 }
wheels = [
    { url = "https://files.pythonhosted.org/packages/38/fc/bce832fd4fd99766c04d1ee0eead6b0ec6486fb100ae5e74c1d91292b982/certifi-2025.1.31-py3-none-any.whl", hash = "sha256:ca78db4565a652026a4db2bcdf68f2fb589ea80d0be70e03929ed730746b84fe", size = 166393 },
]

[[package]]
name = "charset-normalizer"
version = "3.4.1"
source = { registry = "https://pypi.org/simple" }
sdist = { url = "https://files.pythonhosted.org/packages/16/b0/572805e227f01586461c80e0fd25d65a2115599cc9dad142fee4b747c357/charset_normalizer-3.4.1.tar.gz", hash = "sha256:44251f18cd68a75b56585dd00dae26183e102cd5e0f9f1466e6df5da2ed64ea3", size = 123188 }
wheels = [
    { url = "https://files.pythonhosted.org/packages/0a/9a/dd1e1cdceb841925b7798369a09279bd1cf183cef0f9ddf15a3a6502ee45/charset_normalizer-3.4.1-cp312-cp312-macosx_10_13_universal2.whl", hash = "sha256:73d94b58ec7fecbc7366247d3b0b10a21681004153238750bb67bd9012414545", size = 196105 },
    { url = "https://files.pythonhosted.org/packages/d3/8c/90bfabf8c4809ecb648f39794cf2a84ff2e7d2a6cf159fe68d9a26160467/charset_normalizer-3.4.1-cp312-cp312-manylinux_2_17_aarch64.manylinux2014_aarch64.whl", hash = "sha256:dad3e487649f498dd991eeb901125411559b22e8d7ab25d3aeb1af367df5efd7", size = 140404 },
    { url = "https://files.pythonhosted.org/packages/ad/8f/e410d57c721945ea3b4f1a04b74f70ce8fa800d393d72899f0a40526401f/charset_normalizer-3.4.1-cp312-cp312-manylinux_2_17_ppc64le.manylinux2014_ppc64le.whl", hash = "sha256:c30197aa96e8eed02200a83fba2657b4c3acd0f0aa4bdc9f6c1af8e8962e0757", size = 150423 },
    { url = "https://files.pythonhosted.org/packages/f0/b8/e6825e25deb691ff98cf5c9072ee0605dc2acfca98af70c2d1b1bc75190d/charset_normalizer-3.4.1-cp312-cp312-manylinux_2_17_s390x.manylinux2014_s390x.whl", hash = "sha256:2369eea1ee4a7610a860d88f268eb39b95cb588acd7235e02fd5a5601773d4fa", size = 143184 },
    { url = "https://files.pythonhosted.org/packages/3e/a2/513f6cbe752421f16d969e32f3583762bfd583848b763913ddab8d9bfd4f/charset_normalizer-3.4.1-cp312-cp312-manylinux_2_17_x86_64.manylinux2014_x86_64.whl", hash = "sha256:bc2722592d8998c870fa4e290c2eec2c1569b87fe58618e67d38b4665dfa680d", size = 145268 },
    { url = "https://files.pythonhosted.org/packages/74/94/8a5277664f27c3c438546f3eb53b33f5b19568eb7424736bdc440a88a31f/charset_normalizer-3.4.1-cp312-cp312-manylinux_2_5_i686.manylinux1_i686.manylinux_2_17_i686.manylinux2014_i686.whl", hash = "sha256:ffc9202a29ab3920fa812879e95a9e78b2465fd10be7fcbd042899695d75e616", size = 147601 },
    { url = "https://files.pythonhosted.org/packages/7c/5f/6d352c51ee763623a98e31194823518e09bfa48be2a7e8383cf691bbb3d0/charset_normalizer-3.4.1-cp312-cp312-musllinux_1_2_aarch64.whl", hash = "sha256:804a4d582ba6e5b747c625bf1255e6b1507465494a40a2130978bda7b932c90b", size = 141098 },
    { url = "https://files.pythonhosted.org/packages/78/d4/f5704cb629ba5ab16d1d3d741396aec6dc3ca2b67757c45b0599bb010478/charset_normalizer-3.4.1-cp312-cp312-musllinux_1_2_i686.whl", hash = "sha256:0f55e69f030f7163dffe9fd0752b32f070566451afe180f99dbeeb81f511ad8d", size = 149520 },
    { url = "https://files.pythonhosted.org/packages/c5/96/64120b1d02b81785f222b976c0fb79a35875457fa9bb40827678e54d1bc8/charset_normalizer-3.4.1-cp312-cp312-musllinux_1_2_ppc64le.whl", hash = "sha256:c4c3e6da02df6fa1410a7680bd3f63d4f710232d3139089536310d027950696a", size = 152852 },
    { url = "https://files.pythonhosted.org/packages/84/c9/98e3732278a99f47d487fd3468bc60b882920cef29d1fa6ca460a1fdf4e6/charset_normalizer-3.4.1-cp312-cp312-musllinux_1_2_s390x.whl", hash = "sha256:5df196eb874dae23dcfb968c83d4f8fdccb333330fe1fc278ac5ceeb101003a9", size = 150488 },
    { url = "https://files.pythonhosted.org/packages/13/0e/9c8d4cb99c98c1007cc11eda969ebfe837bbbd0acdb4736d228ccaabcd22/charset_normalizer-3.4.1-cp312-cp312-musllinux_1_2_x86_64.whl", hash = "sha256:e358e64305fe12299a08e08978f51fc21fac060dcfcddd95453eabe5b93ed0e1", size = 146192 },
    { url = "https://files.pythonhosted.org/packages/b2/21/2b6b5b860781a0b49427309cb8670785aa543fb2178de875b87b9cc97746/charset_normalizer-3.4.1-cp312-cp312-win32.whl", hash = "sha256:9b23ca7ef998bc739bf6ffc077c2116917eabcc901f88da1b9856b210ef63f35", size = 95550 },
    { url = "https://files.pythonhosted.org/packages/21/5b/1b390b03b1d16c7e382b561c5329f83cc06623916aab983e8ab9239c7d5c/charset_normalizer-3.4.1-cp312-cp312-win_amd64.whl", hash = "sha256:6ff8a4a60c227ad87030d76e99cd1698345d4491638dfa6673027c48b3cd395f", size = 102785 },
    { url = "https://files.pythonhosted.org/packages/38/94/ce8e6f63d18049672c76d07d119304e1e2d7c6098f0841b51c666e9f44a0/charset_normalizer-3.4.1-cp313-cp313-macosx_10_13_universal2.whl", hash = "sha256:aabfa34badd18f1da5ec1bc2715cadc8dca465868a4e73a0173466b688f29dda", size = 195698 },
    { url = "https://files.pythonhosted.org/packages/24/2e/dfdd9770664aae179a96561cc6952ff08f9a8cd09a908f259a9dfa063568/charset_normalizer-3.4.1-cp313-cp313-manylinux_2_17_aarch64.manylinux2014_aarch64.whl", hash = "sha256:22e14b5d70560b8dd51ec22863f370d1e595ac3d024cb8ad7d308b4cd95f8313", size = 140162 },
    { url = "https://files.pythonhosted.org/packages/24/4e/f646b9093cff8fc86f2d60af2de4dc17c759de9d554f130b140ea4738ca6/charset_normalizer-3.4.1-cp313-cp313-manylinux_2_17_ppc64le.manylinux2014_ppc64le.whl", hash = "sha256:8436c508b408b82d87dc5f62496973a1805cd46727c34440b0d29d8a2f50a6c9", size = 150263 },
    { url = "https://files.pythonhosted.org/packages/5e/67/2937f8d548c3ef6e2f9aab0f6e21001056f692d43282b165e7c56023e6dd/charset_normalizer-3.4.1-cp313-cp313-manylinux_2_17_s390x.manylinux2014_s390x.whl", hash = "sha256:2d074908e1aecee37a7635990b2c6d504cd4766c7bc9fc86d63f9c09af3fa11b", size = 142966 },
    { url = "https://files.pythonhosted.org/packages/52/ed/b7f4f07de100bdb95c1756d3a4d17b90c1a3c53715c1a476f8738058e0fa/charset_normalizer-3.4.1-cp313-cp313-manylinux_2_17_x86_64.manylinux2014_x86_64.whl", hash = "sha256:955f8851919303c92343d2f66165294848d57e9bba6cf6e3625485a70a038d11", size = 144992 },
    { url = "https://files.pythonhosted.org/packages/96/2c/d49710a6dbcd3776265f4c923bb73ebe83933dfbaa841c5da850fe0fd20b/charset_normalizer-3.4.1-cp313-cp313-manylinux_2_5_i686.manylinux1_i686.manylinux_2_17_i686.manylinux2014_i686.whl", hash = "sha256:44ecbf16649486d4aebafeaa7ec4c9fed8b88101f4dd612dcaf65d5e815f837f", size = 147162 },
    { url = "https://files.pythonhosted.org/packages/b4/41/35ff1f9a6bd380303dea55e44c4933b4cc3c4850988927d4082ada230273/charset_normalizer-3.4.1-cp313-cp313-musllinux_1_2_aarch64.whl", hash = "sha256:0924e81d3d5e70f8126529951dac65c1010cdf117bb75eb02dd12339b57749dd", size = 140972 },
    { url = "https://files.pythonhosted.org/packages/fb/43/c6a0b685fe6910d08ba971f62cd9c3e862a85770395ba5d9cad4fede33ab/charset_normalizer-3.4.1-cp313-cp313-musllinux_1_2_i686.whl", hash = "sha256:2967f74ad52c3b98de4c3b32e1a44e32975e008a9cd2a8cc8966d6a5218c5cb2", size = 149095 },
    { url = "https://files.pythonhosted.org/packages/4c/ff/a9a504662452e2d2878512115638966e75633519ec11f25fca3d2049a94a/charset_normalizer-3.4.1-cp313-cp313-musllinux_1_2_ppc64le.whl", hash = "sha256:c75cb2a3e389853835e84a2d8fb2b81a10645b503eca9bcb98df6b5a43eb8886", size = 152668 },
    { url = "https://files.pythonhosted.org/packages/6c/71/189996b6d9a4b932564701628af5cee6716733e9165af1d5e1b285c530ed/charset_normalizer-3.4.1-cp313-cp313-musllinux_1_2_s390x.whl", hash = "sha256:09b26ae6b1abf0d27570633b2b078a2a20419c99d66fb2823173d73f188ce601", size = 150073 },
    { url = "https://files.pythonhosted.org/packages/e4/93/946a86ce20790e11312c87c75ba68d5f6ad2208cfb52b2d6a2c32840d922/charset_normalizer-3.4.1-cp313-cp313-musllinux_1_2_x86_64.whl", hash = "sha256:fa88b843d6e211393a37219e6a1c1df99d35e8fd90446f1118f4216e307e48cd", size = 145732 },
    { url = "https://files.pythonhosted.org/packages/cd/e5/131d2fb1b0dddafc37be4f3a2fa79aa4c037368be9423061dccadfd90091/charset_normalizer-3.4.1-cp313-cp313-win32.whl", hash = "sha256:eb8178fe3dba6450a3e024e95ac49ed3400e506fd4e9e5c32d30adda88cbd407", size = 95391 },
    { url = "https://files.pythonhosted.org/packages/27/f2/4f9a69cc7712b9b5ad8fdb87039fd89abba997ad5cbe690d1835d40405b0/charset_normalizer-3.4.1-cp313-cp313-win_amd64.whl", hash = "sha256:b1ac5992a838106edb89654e0aebfc24f5848ae2547d22c2c3f66454daa11971", size = 102702 },
    { url = "https://files.pythonhosted.org/packages/0e/f6/65ecc6878a89bb1c23a086ea335ad4bf21a588990c3f535a227b9eea9108/charset_normalizer-3.4.1-py3-none-any.whl", hash = "sha256:d98b1668f06378c6dbefec3b92299716b931cd4e6061f3c875a71ced1780ab85", size = 49767 },
]

[[package]]
name = "demschooltools-py"
version = "0.1"
source = { virtual = "." }
dependencies = [
    { name = "bcrypt" },
    { name = "django" },
    { name = "djangorestframework" },
    { name = "drf-orjson-renderer" },
    { name = "mistletoe" },
    { name = "psycopg2" },
    { name = "pyjwt" },
    { name = "requests" },
    { name = "rollbar" },
]

[package.dev-dependencies]
dev = [
    { name = "django-silk" },
    { name = "pyinstrument" },
    { name = "tabulate" },
]
prod = [
    { name = "gunicorn" },
]

[package.metadata]
requires-dist = [
    { name = "bcrypt", specifier = "~=4.3" },
    { name = "django", specifier = "~=5.1" },
    { name = "djangorestframework", specifier = "~=3.15" },
    { name = "drf-orjson-renderer", specifier = "~=1.7" },
    { name = "mistletoe", specifier = ">=1.4.0" },
    { name = "psycopg2", specifier = "~=2.9" },
    { name = "pyjwt", specifier = "~=2.10" },
    { name = "requests", specifier = "~=2.32" },
    { name = "rollbar", specifier = ">=1.2.0" },
]

[package.metadata.requires-dev]
dev = [
    { name = "django-silk", specifier = "~=5.3" },
    { name = "pyinstrument", specifier = "~=5.0" },
    { name = "tabulate" },
]
prod = [{ name = "gunicorn", specifier = "~=23.0" }]

[[package]]
name = "django"
version = "5.1.6"
source = { registry = "https://pypi.org/simple" }
dependencies = [
    { name = "asgiref" },
    { name = "sqlparse" },
    { name = "tzdata", marker = "sys_platform == 'win32'" },
]
sdist = { url = "https://files.pythonhosted.org/packages/6d/e4/901f54ee114a080371a49bd08fa688d301aaffd9751febaf4ae855fc8fcd/Django-5.1.6.tar.gz", hash = "sha256:1e39eafdd1b185e761d9fab7a9f0b9fa00af1b37b25ad980a8aa0dac13535690", size = 10700620 }
wheels = [
    { url = "https://files.pythonhosted.org/packages/75/6f/d2c216d00975e2604b10940937b0ba6b2c2d9b3cc0cc633e414ae3f14b2e/Django-5.1.6-py3-none-any.whl", hash = "sha256:8d203400bc2952fbfb287c2bbda630297d654920c72a73cc82a9ad7926feaad5", size = 8277066 },
]

[[package]]
name = "django-silk"
version = "5.3.2"
source = { registry = "https://pypi.org/simple" }
dependencies = [
    { name = "autopep8" },
    { name = "django" },
    { name = "gprof2dot" },
    { name = "sqlparse" },
]
sdist = { url = "https://files.pythonhosted.org/packages/5a/9f/ac0bf2f1bba661a9f8937bccd0b8dd93ba87b6b1ebbf3884981f5e27c2b0/django_silk-5.3.2.tar.gz", hash = "sha256:b0db54eebedb8d16f572321bd6daccac0bd3f547ae2618bb45d96fe8fc02229d", size = 4493706 }
wheels = [
    { url = "https://files.pythonhosted.org/packages/03/4d/92872928197099aefad0a3e4a055e6c22295e7770dd7b3388a6f2909c95c/django_silk-5.3.2-py3-none-any.whl", hash = "sha256:49f1caebfda28b1707f0cfef524e0476beb82b8c5e40f5ccff7f73a6b4f6d3ac", size = 1943114 },
]

[[package]]
name = "djangorestframework"
version = "3.15.2"
source = { registry = "https://pypi.org/simple" }
dependencies = [
    { name = "django" },
]
sdist = { url = "https://files.pythonhosted.org/packages/2c/ce/31482eb688bdb4e271027076199e1aa8d02507e530b6d272ab8b4481557c/djangorestframework-3.15.2.tar.gz", hash = "sha256:36fe88cd2d6c6bec23dca9804bab2ba5517a8bb9d8f47ebc68981b56840107ad", size = 1067420 }
wheels = [
    { url = "https://files.pythonhosted.org/packages/7c/b6/fa99d8f05eff3a9310286ae84c4059b08c301ae4ab33ae32e46e8ef76491/djangorestframework-3.15.2-py3-none-any.whl", hash = "sha256:2b8871b062ba1aefc2de01f773875441a961fefbf79f5eed1e32b2f096944b20", size = 1071235 },
]

[[package]]
name = "drf-orjson-renderer"
version = "1.7.3"
source = { registry = "https://pypi.org/simple" }
dependencies = [
    { name = "django" },
    { name = "djangorestframework" },
    { name = "orjson" },
]
sdist = { url = "https://files.pythonhosted.org/packages/4d/3e/5cc16467d91087bf883cdbeb52a06f3a6fa59563ad09b9b84bac72d68716/drf_orjson_renderer-1.7.3.tar.gz", hash = "sha256:0c49760fc415df8096c1ef05f029802f2e5862d4e15fe96066289b8c526835f1", size = 8492 }
wheels = [
    { url = "https://files.pythonhosted.org/packages/3f/87/53e1a0e13f1d0247fe97e53619cff72181888a5bac8fd0401e5607c101b6/drf_orjson_renderer-1.7.3-py3-none-any.whl", hash = "sha256:9c3fe521b0e8c641b334c40bb81ecadb14519a27599a495d360385abe193a4b4", size = 7138 },
]

[[package]]
name = "gprof2dot"
version = "2024.6.6"
source = { registry = "https://pypi.org/simple" }
sdist = { url = "https://files.pythonhosted.org/packages/32/11/16fc5b985741378812223f2c6213b0a95cda333b797def622ac702d28e81/gprof2dot-2024.6.6.tar.gz", hash = "sha256:fa1420c60025a9eb7734f65225b4da02a10fc6dd741b37fa129bc6b41951e5ab", size = 36536 }
wheels = [
    { url = "https://files.pythonhosted.org/packages/ae/27/15c4d20871a86281e2bacde9e9f634225d1c2ed0db072f98acf201022411/gprof2dot-2024.6.6-py2.py3-none-any.whl", hash = "sha256:45b14ad7ce64e299c8f526881007b9eb2c6b75505d5613e96e66ee4d5ab33696", size = 34763 },
]

[[package]]
name = "gunicorn"
version = "23.0.0"
source = { registry = "https://pypi.org/simple" }
dependencies = [
    { name = "packaging" },
]
sdist = { url = "https://files.pythonhosted.org/packages/34/72/9614c465dc206155d93eff0ca20d42e1e35afc533971379482de953521a4/gunicorn-23.0.0.tar.gz", hash = "sha256:f014447a0101dc57e294f6c18ca6b40227a4c90e9bdb586042628030cba004ec", size = 375031 }
wheels = [
    { url = "https://files.pythonhosted.org/packages/cb/7d/6dac2a6e1eba33ee43f318edbed4ff29151a49b5d37f080aad1e6469bca4/gunicorn-23.0.0-py3-none-any.whl", hash = "sha256:ec400d38950de4dfd418cff8328b2c8faed0edb0d517d3394e457c317908ca4d", size = 85029 },
]

[[package]]
name = "idna"
version = "3.10"
source = { registry = "https://pypi.org/simple" }
sdist = { url = "https://files.pythonhosted.org/packages/f1/70/7703c29685631f5a7590aa73f1f1d3fa9a380e654b86af429e0934a32f7d/idna-3.10.tar.gz", hash = "sha256:12f65c9b470abda6dc35cf8e63cc574b1c52b11df2c86030af0ac09b01b13ea9", size = 190490 }
wheels = [
    { url = "https://files.pythonhosted.org/packages/76/c6/c88e154df9c4e1a2a66ccf0005a88dfb2650c1dffb6f5ce603dfbd452ce3/idna-3.10-py3-none-any.whl", hash = "sha256:946d195a0d259cbba61165e88e65941f16e9b36ea6ddb97f00452bae8b1287d3", size = 70442 },
]

[[package]]
name = "mistletoe"
version = "1.4.0"
source = { registry = "https://pypi.org/simple" }
sdist = { url = "https://files.pythonhosted.org/packages/11/96/ea46a376a7c4cd56955ecdfff0ea68de43996a4e6d1aee4599729453bd11/mistletoe-1.4.0.tar.gz", hash = "sha256:1630f906e5e4bbe66fdeb4d29d277e2ea515d642bb18a9b49b136361a9818c9d", size = 107203 }
wheels = [
    { url = "https://files.pythonhosted.org/packages/2a/0f/b5e545f0c7962be90366af3418989b12cf441d9da1e5d89d88f2f3e5cf8f/mistletoe-1.4.0-py3-none-any.whl", hash = "sha256:44a477803861de1237ba22e375c6b617690a31d2902b47279d1f8f7ed498a794", size = 51304 },
]

[[package]]
name = "orjson"
version = "3.10.15"
source = { registry = "https://pypi.org/simple" }
sdist = { url = "https://files.pythonhosted.org/packages/ae/f9/5dea21763eeff8c1590076918a446ea3d6140743e0e36f58f369928ed0f4/orjson-3.10.15.tar.gz", hash = "sha256:05ca7fe452a2e9d8d9d706a2984c95b9c2ebc5db417ce0b7a49b91d50642a23e", size = 5282482 }
wheels = [
    { url = "https://files.pythonhosted.org/packages/66/85/22fe737188905a71afcc4bf7cc4c79cd7f5bbe9ed1fe0aac4ce4c33edc30/orjson-3.10.15-cp312-cp312-macosx_10_15_x86_64.macosx_11_0_arm64.macosx_10_15_universal2.whl", hash = "sha256:9d11c0714fc85bfcf36ada1179400862da3288fc785c30e8297844c867d7505a", size = 249504 },
    { url = "https://files.pythonhosted.org/packages/48/b7/2622b29f3afebe938a0a9037e184660379797d5fd5234e5998345d7a5b43/orjson-3.10.15-cp312-cp312-manylinux_2_17_aarch64.manylinux2014_aarch64.whl", hash = "sha256:dba5a1e85d554e3897fa9fe6fbcff2ed32d55008973ec9a2b992bd9a65d2352d", size = 125080 },
    { url = "https://files.pythonhosted.org/packages/ce/8f/0b72a48f4403d0b88b2a41450c535b3e8989e8a2d7800659a967efc7c115/orjson-3.10.15-cp312-cp312-manylinux_2_17_armv7l.manylinux2014_armv7l.whl", hash = "sha256:7723ad949a0ea502df656948ddd8b392780a5beaa4c3b5f97e525191b102fff0", size = 150121 },
    { url = "https://files.pythonhosted.org/packages/06/ec/acb1a20cd49edb2000be5a0404cd43e3c8aad219f376ac8c60b870518c03/orjson-3.10.15-cp312-cp312-manylinux_2_17_ppc64le.manylinux2014_ppc64le.whl", hash = "sha256:6fd9bc64421e9fe9bd88039e7ce8e58d4fead67ca88e3a4014b143cec7684fd4", size = 139796 },
    { url = "https://files.pythonhosted.org/packages/33/e1/f7840a2ea852114b23a52a1c0b2bea0a1ea22236efbcdb876402d799c423/orjson-3.10.15-cp312-cp312-manylinux_2_17_s390x.manylinux2014_s390x.whl", hash = "sha256:dadba0e7b6594216c214ef7894c4bd5f08d7c0135f4dd0145600be4fbcc16767", size = 154636 },
    { url = "https://files.pythonhosted.org/packages/fa/da/31543337febd043b8fa80a3b67de627669b88c7b128d9ad4cc2ece005b7a/orjson-3.10.15-cp312-cp312-manylinux_2_17_x86_64.manylinux2014_x86_64.whl", hash = "sha256:b48f59114fe318f33bbaee8ebeda696d8ccc94c9e90bc27dbe72153094e26f41", size = 130621 },
    { url = "https://files.pythonhosted.org/packages/ed/78/66115dc9afbc22496530d2139f2f4455698be444c7c2475cb48f657cefc9/orjson-3.10.15-cp312-cp312-manylinux_2_5_i686.manylinux1_i686.whl", hash = "sha256:035fb83585e0f15e076759b6fedaf0abb460d1765b6a36f48018a52858443514", size = 138516 },
    { url = "https://files.pythonhosted.org/packages/22/84/cd4f5fb5427ffcf823140957a47503076184cb1ce15bcc1165125c26c46c/orjson-3.10.15-cp312-cp312-musllinux_1_2_aarch64.whl", hash = "sha256:d13b7fe322d75bf84464b075eafd8e7dd9eae05649aa2a5354cfa32f43c59f17", size = 130762 },
    { url = "https://files.pythonhosted.org/packages/93/1f/67596b711ba9f56dd75d73b60089c5c92057f1130bb3a25a0f53fb9a583b/orjson-3.10.15-cp312-cp312-musllinux_1_2_armv7l.whl", hash = "sha256:7066b74f9f259849629e0d04db6609db4cf5b973248f455ba5d3bd58a4daaa5b", size = 414700 },
    { url = "https://files.pythonhosted.org/packages/7c/0c/6a3b3271b46443d90efb713c3e4fe83fa8cd71cda0d11a0f69a03f437c6e/orjson-3.10.15-cp312-cp312-musllinux_1_2_i686.whl", hash = "sha256:88dc3f65a026bd3175eb157fea994fca6ac7c4c8579fc5a86fc2114ad05705b7", size = 141077 },
    { url = "https://files.pythonhosted.org/packages/3b/9b/33c58e0bfc788995eccd0d525ecd6b84b40d7ed182dd0751cd4c1322ac62/orjson-3.10.15-cp312-cp312-musllinux_1_2_x86_64.whl", hash = "sha256:b342567e5465bd99faa559507fe45e33fc76b9fb868a63f1642c6bc0735ad02a", size = 129898 },
    { url = "https://files.pythonhosted.org/packages/01/c1/d577ecd2e9fa393366a1ea0a9267f6510d86e6c4bb1cdfb9877104cac44c/orjson-3.10.15-cp312-cp312-win32.whl", hash = "sha256:0a4f27ea5617828e6b58922fdbec67b0aa4bb844e2d363b9244c47fa2180e665", size = 142566 },
    { url = "https://files.pythonhosted.org/packages/ed/eb/a85317ee1732d1034b92d56f89f1de4d7bf7904f5c8fb9dcdd5b1c83917f/orjson-3.10.15-cp312-cp312-win_amd64.whl", hash = "sha256:ef5b87e7aa9545ddadd2309efe6824bd3dd64ac101c15dae0f2f597911d46eaa", size = 133732 },
    { url = "https://files.pythonhosted.org/packages/06/10/fe7d60b8da538e8d3d3721f08c1b7bff0491e8fa4dd3bf11a17e34f4730e/orjson-3.10.15-cp313-cp313-macosx_10_15_x86_64.macosx_11_0_arm64.macosx_10_15_universal2.whl", hash = "sha256:bae0e6ec2b7ba6895198cd981b7cca95d1487d0147c8ed751e5632ad16f031a6", size = 249399 },
    { url = "https://files.pythonhosted.org/packages/6b/83/52c356fd3a61abd829ae7e4366a6fe8e8863c825a60d7ac5156067516edf/orjson-3.10.15-cp313-cp313-manylinux_2_17_aarch64.manylinux2014_aarch64.whl", hash = "sha256:f93ce145b2db1252dd86af37d4165b6faa83072b46e3995ecc95d4b2301b725a", size = 125044 },
    { url = "https://files.pythonhosted.org/packages/55/b2/d06d5901408e7ded1a74c7c20d70e3a127057a6d21355f50c90c0f337913/orjson-3.10.15-cp313-cp313-manylinux_2_17_armv7l.manylinux2014_armv7l.whl", hash = "sha256:7c203f6f969210128af3acae0ef9ea6aab9782939f45f6fe02d05958fe761ef9", size = 150066 },
    { url = "https://files.pythonhosted.org/packages/75/8c/60c3106e08dc593a861755781c7c675a566445cc39558677d505878d879f/orjson-3.10.15-cp313-cp313-manylinux_2_17_ppc64le.manylinux2014_ppc64le.whl", hash = "sha256:8918719572d662e18b8af66aef699d8c21072e54b6c82a3f8f6404c1f5ccd5e0", size = 139737 },
    { url = "https://files.pythonhosted.org/packages/6a/8c/ae00d7d0ab8a4490b1efeb01ad4ab2f1982e69cc82490bf8093407718ff5/orjson-3.10.15-cp313-cp313-manylinux_2_17_s390x.manylinux2014_s390x.whl", hash = "sha256:f71eae9651465dff70aa80db92586ad5b92df46a9373ee55252109bb6b703307", size = 154804 },
    { url = "https://files.pythonhosted.org/packages/22/86/65dc69bd88b6dd254535310e97bc518aa50a39ef9c5a2a5d518e7a223710/orjson-3.10.15-cp313-cp313-manylinux_2_17_x86_64.manylinux2014_x86_64.whl", hash = "sha256:e117eb299a35f2634e25ed120c37c641398826c2f5a3d3cc39f5993b96171b9e", size = 130583 },
    { url = "https://files.pythonhosted.org/packages/bb/00/6fe01ededb05d52be42fabb13d93a36e51f1fd9be173bd95707d11a8a860/orjson-3.10.15-cp313-cp313-manylinux_2_5_i686.manylinux1_i686.whl", hash = "sha256:13242f12d295e83c2955756a574ddd6741c81e5b99f2bef8ed8d53e47a01e4b7", size = 138465 },
    { url = "https://files.pythonhosted.org/packages/db/2f/4cc151c4b471b0cdc8cb29d3eadbce5007eb0475d26fa26ed123dca93b33/orjson-3.10.15-cp313-cp313-musllinux_1_2_aarch64.whl", hash = "sha256:7946922ada8f3e0b7b958cc3eb22cfcf6c0df83d1fe5521b4a100103e3fa84c8", size = 130742 },
    { url = "https://files.pythonhosted.org/packages/9f/13/8a6109e4b477c518498ca37963d9c0eb1508b259725553fb53d53b20e2ea/orjson-3.10.15-cp313-cp313-musllinux_1_2_armv7l.whl", hash = "sha256:b7155eb1623347f0f22c38c9abdd738b287e39b9982e1da227503387b81b34ca", size = 414669 },
    { url = "https://files.pythonhosted.org/packages/22/7b/1d229d6d24644ed4d0a803de1b0e2df832032d5beda7346831c78191b5b2/orjson-3.10.15-cp313-cp313-musllinux_1_2_i686.whl", hash = "sha256:208beedfa807c922da4e81061dafa9c8489c6328934ca2a562efa707e049e561", size = 141043 },
    { url = "https://files.pythonhosted.org/packages/cc/d3/6dc91156cf12ed86bed383bcb942d84d23304a1e57b7ab030bf60ea130d6/orjson-3.10.15-cp313-cp313-musllinux_1_2_x86_64.whl", hash = "sha256:eca81f83b1b8c07449e1d6ff7074e82e3fd6777e588f1a6632127f286a968825", size = 129826 },
    { url = "https://files.pythonhosted.org/packages/b3/38/c47c25b86f6996f1343be721b6ea4367bc1c8bc0fc3f6bbcd995d18cb19d/orjson-3.10.15-cp313-cp313-win32.whl", hash = "sha256:c03cd6eea1bd3b949d0d007c8d57049aa2b39bd49f58b4b2af571a5d3833d890", size = 142542 },
    { url = "https://files.pythonhosted.org/packages/27/f1/1d7ec15b20f8ce9300bc850de1e059132b88990e46cd0ccac29cbf11e4f9/orjson-3.10.15-cp313-cp313-win_amd64.whl", hash = "sha256:fd56a26a04f6ba5fb2045b0acc487a63162a958ed837648c5781e1fe3316cfbf", size = 133444 },
]

[[package]]
name = "packaging"
version = "24.2"
source = { registry = "https://pypi.org/simple" }
sdist = { url = "https://files.pythonhosted.org/packages/d0/63/68dbb6eb2de9cb10ee4c9c14a0148804425e13c4fb20d61cce69f53106da/packaging-24.2.tar.gz", hash = "sha256:c228a6dc5e932d346bc5739379109d49e8853dd8223571c7c5b55260edc0b97f", size = 163950 }
wheels = [
    { url = "https://files.pythonhosted.org/packages/88/ef/eb23f262cca3c0c4eb7ab1933c3b1f03d021f2c48f54763065b6f0e321be/packaging-24.2-py3-none-any.whl", hash = "sha256:09abb1bccd265c01f4a3aa3f7a7db064b36514d2cba19a2f694fe6150451a759", size = 65451 },
]

[[package]]
name = "psycopg2"
version = "2.9.10"
source = { registry = "https://pypi.org/simple" }
sdist = { url = "https://files.pythonhosted.org/packages/62/51/2007ea29e605957a17ac6357115d0c1a1b60c8c984951c19419b3474cdfd/psycopg2-2.9.10.tar.gz", hash = "sha256:12ec0b40b0273f95296233e8750441339298e6a572f7039da5b260e3c8b60e11", size = 385672 }
wheels = [
    { url = "https://files.pythonhosted.org/packages/3d/16/4623fad6076448df21c1a870c93a9774ad8a7b4dd1660223b59082dd8fec/psycopg2-2.9.10-cp312-cp312-win32.whl", hash = "sha256:65a63d7ab0e067e2cdb3cf266de39663203d38d6a8ed97f5ca0cb315c73fe067", size = 1025113 },
    { url = "https://files.pythonhosted.org/packages/66/de/baed128ae0fc07460d9399d82e631ea31a1f171c0c4ae18f9808ac6759e3/psycopg2-2.9.10-cp312-cp312-win_amd64.whl", hash = "sha256:4a579d6243da40a7b3182e0430493dbd55950c493d8c68f4eec0b302f6bbf20e", size = 1163951 },
    { url = "https://files.pythonhosted.org/packages/ae/49/a6cfc94a9c483b1fa401fbcb23aca7892f60c7269c5ffa2ac408364f80dc/psycopg2-2.9.10-cp313-cp313-win_amd64.whl", hash = "sha256:91fd603a2155da8d0cfcdbf8ab24a2d54bca72795b90d2a3ed2b6da8d979dee2", size = 2569060 },
]

[[package]]
name = "pycodestyle"
version = "2.12.1"
source = { registry = "https://pypi.org/simple" }
sdist = { url = "https://files.pythonhosted.org/packages/43/aa/210b2c9aedd8c1cbeea31a50e42050ad56187754b34eb214c46709445801/pycodestyle-2.12.1.tar.gz", hash = "sha256:6838eae08bbce4f6accd5d5572075c63626a15ee3e6f842df996bf62f6d73521", size = 39232 }
wheels = [
    { url = "https://files.pythonhosted.org/packages/3a/d8/a211b3f85e99a0daa2ddec96c949cac6824bd305b040571b82a03dd62636/pycodestyle-2.12.1-py2.py3-none-any.whl", hash = "sha256:46f0fb92069a7c28ab7bb558f05bfc0110dac69a0cd23c61ea0040283a9d78b3", size = 31284 },
]

[[package]]
name = "pyinstrument"
version = "5.0.1"
source = { registry = "https://pypi.org/simple" }
sdist = { url = "https://files.pythonhosted.org/packages/64/6e/85c2722e40cab4fd9df6bbe68a0d032e237cf8cfada71e5f067e4e433214/pyinstrument-5.0.1.tar.gz", hash = "sha256:f4fd0754d02959c113a4b1ebed02f4627b6e2c138719ddf43244fd95f201c8c9", size = 263162 }
wheels = [
    { url = "https://files.pythonhosted.org/packages/e1/09/696e29364503393c5bd0471f1c396d41820167b3f496bf8b128dc981f30d/pyinstrument-5.0.1-cp312-cp312-macosx_10_13_universal2.whl", hash = "sha256:cfd7b7dc56501a1f30aa059cc2f1746ece6258a841d2e4609882581f9c17f824", size = 128903 },
    { url = "https://files.pythonhosted.org/packages/b5/dd/36d1641414eb0ab3fb50815de8d927b74924a9bfb1e409c53e9aad4a16de/pyinstrument-5.0.1-cp312-cp312-macosx_11_0_arm64.whl", hash = "sha256:fe1f33178a2b0ddb3c6d2321406228bdad41286774e65314d511dcf4a71b83e4", size = 121440 },
    { url = "https://files.pythonhosted.org/packages/9e/3f/05196fb514735aceef9a9439f56bcaa5ccb8b440685aa4f13fdb9e925182/pyinstrument-5.0.1-cp312-cp312-manylinux_2_17_aarch64.manylinux2014_aarch64.whl", hash = "sha256:0519d02dee55a87afcf6d787f8d8f5a16d2b89f7ba9533064a986a2d31f27340", size = 144783 },
    { url = "https://files.pythonhosted.org/packages/73/4b/1b041b974e7e465ca311e712beb8be0bc9cf769bcfc6660b1b2ba630c27c/pyinstrument-5.0.1-cp312-cp312-manylinux_2_17_i686.manylinux2014_i686.whl", hash = "sha256:2f59ed9ac9466ff9b30eb7285160fa794aa3f8ce2bcf58a94142f945882d28ab", size = 143717 },
    { url = "https://files.pythonhosted.org/packages/4a/dc/3fa73e2dde1588b6281e494a14c183a27e1a67db7401fddf9c528fb8e1a9/pyinstrument-5.0.1-cp312-cp312-manylinux_2_17_x86_64.manylinux2014_x86_64.whl", hash = "sha256:cbf3114d332e499ba35ca4aedc1ef95bc6fb15c8d819729b5c0aeb35c8b64dd2", size = 145082 },
    { url = "https://files.pythonhosted.org/packages/91/24/b86d4273cc524a4f334a610a1c4b157146c808d8935e85d44dff3a6b75ee/pyinstrument-5.0.1-cp312-cp312-musllinux_1_2_aarch64.whl", hash = "sha256:20f8054e85dd710f5a8c4d6b738867366ceef89671db09c87690ba1b5c66bd67", size = 144737 },
    { url = "https://files.pythonhosted.org/packages/3c/39/6025a71082122bfbfee4eac6649635e4c688954bdf306bcd3629457c49b2/pyinstrument-5.0.1-cp312-cp312-musllinux_1_2_i686.whl", hash = "sha256:63e8d75ffa50c3cf6d980844efce0334659e934dcc3832bad08c23c171c545ff", size = 144488 },
    { url = "https://files.pythonhosted.org/packages/da/ce/679b0e9a278004defc93c277c3f81b456389dd530f89e28a45bd9dae203e/pyinstrument-5.0.1-cp312-cp312-musllinux_1_2_x86_64.whl", hash = "sha256:a3ca9c8540051513dd633de9d7eac9fee2eda50b78b6eedeaa7e5a7be66026b5", size = 144895 },
    { url = "https://files.pythonhosted.org/packages/58/d8/cf80bb278e2a071325e4fb244127eb68dce9d0520d20c1fda75414f119ee/pyinstrument-5.0.1-cp312-cp312-win32.whl", hash = "sha256:b549d910b846757ffbf74d94528d1a694a3848a6cfc6a6cab2ce697ee71e4548", size = 123027 },
    { url = "https://files.pythonhosted.org/packages/39/49/9251fe641d242d4c0dc49178b064f22da1c542d80e4040561428a9f8dd1c/pyinstrument-5.0.1-cp312-cp312-win_amd64.whl", hash = "sha256:86f20b680223697a8ac5c061fb40a63d3ee519c7dfb1097627bd4480711216d9", size = 123818 },
    { url = "https://files.pythonhosted.org/packages/0f/ae/f8f84ecd0dc2c4f0d84920cb4ffdbea52a66e4b4abc2110f18879b57f538/pyinstrument-5.0.1-cp313-cp313-macosx_10_13_universal2.whl", hash = "sha256:f5065639dfedc3b8e537161f9aaa8c550c8717c935a962e9bf1e843bf0e8791f", size = 128900 },
    { url = "https://files.pythonhosted.org/packages/23/2f/b742c46d86d4c1f74ec0819f091bbc2fad0bab786584a18d89d9178802f1/pyinstrument-5.0.1-cp313-cp313-macosx_11_0_arm64.whl", hash = "sha256:b5d20802b0c2bd1ddb95b2e96ebd3e9757dbab1e935792c2629166f1eb267bb2", size = 121445 },
    { url = "https://files.pythonhosted.org/packages/d9/e0/297dc8454ed437aec0fbdc3cc1a6a5fdf6701935b91dd31caf38c5e3ff92/pyinstrument-5.0.1-cp313-cp313-manylinux_2_17_aarch64.manylinux2014_aarch64.whl", hash = "sha256:6e6f5655d580429e7992c37757cc5f6e74ca81b0f2768b833d9711631a8cb2f7", size = 144904 },
    { url = "https://files.pythonhosted.org/packages/8b/df/e4faff09fdbad7e685ceb0f96066d434fc8350382acf8df47577653f702b/pyinstrument-5.0.1-cp313-cp313-manylinux_2_17_i686.manylinux2014_i686.whl", hash = "sha256:b4c8c9ad93f62f0bf2ddc7fb6fce3a91c008d422873824e01c5e5e83467fd1fb", size = 143801 },
    { url = "https://files.pythonhosted.org/packages/b1/63/ed2955d980bbebf17155119e2687ac15e170b6221c4bb5f5c37f41323fe5/pyinstrument-5.0.1-cp313-cp313-manylinux_2_17_x86_64.manylinux2014_x86_64.whl", hash = "sha256:db15d1854b360182d242da8de89761a0ffb885eea61cb8652e40b5b9a4ef44bc", size = 145204 },
    { url = "https://files.pythonhosted.org/packages/c4/18/31b8dcdade9767afc7a36a313d8cf9c5690b662e9755fe7bd0523125e06f/pyinstrument-5.0.1-cp313-cp313-musllinux_1_2_aarch64.whl", hash = "sha256:c803f7b880394b7bba5939ff8a59d6962589e9a0140fc33c3a6a345c58846106", size = 144881 },
    { url = "https://files.pythonhosted.org/packages/1f/14/cd19894eb03dd28093f564e8bcf7ae4edc8e315ce962c8155cf795fc0784/pyinstrument-5.0.1-cp313-cp313-musllinux_1_2_i686.whl", hash = "sha256:84e37ffabcf26fe820d354a1f7e9fc26949f953addab89b590c5000b3ffa60d0", size = 144643 },
    { url = "https://files.pythonhosted.org/packages/80/54/3dd08f5a869d3b654ff7e4e4c9d2b34f8de73fb0f2f792fac5024a312e0f/pyinstrument-5.0.1-cp313-cp313-musllinux_1_2_x86_64.whl", hash = "sha256:a0d23d3763ec95da0beb390c2f7df7cbe36ea62b6a4d5b89c4eaab81c1c649cf", size = 145070 },
    { url = "https://files.pythonhosted.org/packages/5d/dc/ac8e798235a1dbccefc1b204a16709cef36f02c07587763ba8eb510fc8bc/pyinstrument-5.0.1-cp313-cp313-win32.whl", hash = "sha256:967f84bd82f14425543a983956ff9cfcf1e3762755ffcec8cd835c6be22a7a0a", size = 123030 },
    { url = "https://files.pythonhosted.org/packages/52/59/adcb3e85c9105c59382723a67f682012aa7f49027e270e721f2d59f63fcf/pyinstrument-5.0.1-cp313-cp313-win_amd64.whl", hash = "sha256:70b16b5915534d8df40dcf04a7cc78d3290464c06fa358a4bc324280af4c74e0", size = 123825 },
]

[[package]]
name = "pyjwt"
version = "2.10.1"
source = { registry = "https://pypi.org/simple" }
sdist = { url = "https://files.pythonhosted.org/packages/e7/46/bd74733ff231675599650d3e47f361794b22ef3e3770998dda30d3b63726/pyjwt-2.10.1.tar.gz", hash = "sha256:3cc5772eb20009233caf06e9d8a0577824723b44e6648ee0a2aedb6cf9381953", size = 87785 }
wheels = [
    { url = "https://files.pythonhosted.org/packages/61/ad/689f02752eeec26aed679477e80e632ef1b682313be70793d798c1d5fc8f/PyJWT-2.10.1-py3-none-any.whl", hash = "sha256:dcdd193e30abefd5debf142f9adfcdd2b58004e644f25406ffaebd50bd98dacb", size = 22997 },
]

[[package]]
name = "requests"
version = "2.32.3"
source = { registry = "https://pypi.org/simple" }
dependencies = [
    { name = "certifi" },
    { name = "charset-normalizer" },
    { name = "idna" },
    { name = "urllib3" },
]
sdist = { url = "https://files.pythonhosted.org/packages/63/70/2bf7780ad2d390a8d301ad0b550f1581eadbd9a20f896afe06353c2a2913/requests-2.32.3.tar.gz", hash = "sha256:55365417734eb18255590a9ff9eb97e9e1da868d4ccd6402399eaf68af20a760", size = 131218 }
wheels = [
    { url = "https://files.pythonhosted.org/packages/f9/9b/335f9764261e915ed497fcdeb11df5dfd6f7bf257d4a6a2a686d80da4d54/requests-2.32.3-py3-none-any.whl", hash = "sha256:70761cfe03c773ceb22aa2f671b4757976145175cdfca038c02654d061d6dcc6", size = 64928 },
]

[[package]]
name = "rollbar"
version = "1.2.0"
source = { registry = "https://pypi.org/simple" }
dependencies = [
    { name = "requests" },
]
sdist = { url = "https://files.pythonhosted.org/packages/c7/59/57c0563b7e28b5b43f385ea4880cd9a0a4524088a46f9d1c90ac6287b9a5/rollbar-1.2.0.tar.gz", hash = "sha256:991e6600374d8065e1e56accce7ab5f075fff521ce570a7a7ab700d2fa5e4bd5", size = 84913 }
wheels = [
    { url = "https://files.pythonhosted.org/packages/7c/9e/b0092930efdef284bde3032c076d903db744c37477a304629347906a671d/rollbar-1.2.0-py3-none-any.whl", hash = "sha256:5f64084fa2335e5dcfd10354829dee5228237bbb145648914fa02d8c09c4b296", size = 116780 },
]

[[package]]
name = "sqlparse"
version = "0.5.3"
source = { registry = "https://pypi.org/simple" }
sdist = { url = "https://files.pythonhosted.org/packages/e5/40/edede8dd6977b0d3da179a342c198ed100dd2aba4be081861ee5911e4da4/sqlparse-0.5.3.tar.gz", hash = "sha256:09f67787f56a0b16ecdbde1bfc7f5d9c3371ca683cfeaa8e6ff60b4807ec9272", size = 84999 }
wheels = [
    { url = "https://files.pythonhosted.org/packages/a9/5c/bfd6bd0bf979426d405cc6e71eceb8701b148b16c21d2dc3c261efc61c7b/sqlparse-0.5.3-py3-none-any.whl", hash = "sha256:cf2196ed3418f3ba5de6af7e82c694a9fbdbfecccdfc72e281548517081f16ca", size = 44415 },
]

[[package]]
name = "tabulate"
version = "0.9.0"
source = { registry = "https://pypi.org/simple" }
sdist = { url = "https://files.pythonhosted.org/packages/ec/fe/802052aecb21e3797b8f7902564ab6ea0d60ff8ca23952079064155d1ae1/tabulate-0.9.0.tar.gz", hash = "sha256:0095b12bf5966de529c0feb1fa08671671b3368eec77d7ef7ab114be2c068b3c", size = 81090 }
wheels = [
    { url = "https://files.pythonhosted.org/packages/40/44/4a5f08c96eb108af5cb50b41f76142f0afa346dfa99d5296fe7202a11854/tabulate-0.9.0-py3-none-any.whl", hash = "sha256:024ca478df22e9340661486f85298cff5f6dcdba14f3813e8830015b9ed1948f", size = 35252 },
]

[[package]]
name = "tzdata"
version = "2025.1"
source = { registry = "https://pypi.org/simple" }
sdist = { url = "https://files.pythonhosted.org/packages/43/0f/fa4723f22942480be4ca9527bbde8d43f6c3f2fe8412f00e7f5f6746bc8b/tzdata-2025.1.tar.gz", hash = "sha256:24894909e88cdb28bd1636c6887801df64cb485bd593f2fd83ef29075a81d694", size = 194950 }
wheels = [
    { url = "https://files.pythonhosted.org/packages/0f/dd/84f10e23edd882c6f968c21c2434fe67bd4a528967067515feca9e611e5e/tzdata-2025.1-py2.py3-none-any.whl", hash = "sha256:7e127113816800496f027041c570f50bcd464a020098a3b6b199517772303639", size = 346762 },
]

[[package]]
name = "urllib3"
version = "2.3.0"
source = { registry = "https://pypi.org/simple" }
sdist = { url = "https://files.pythonhosted.org/packages/aa/63/e53da845320b757bf29ef6a9062f5c669fe997973f966045cb019c3f4b66/urllib3-2.3.0.tar.gz", hash = "sha256:f8c5449b3cf0861679ce7e0503c7b44b5ec981bec0d1d3795a07f1ba96f0204d", size = 307268 }
wheels = [
    { url = "https://files.pythonhosted.org/packages/c8/19/4ec628951a74043532ca2cf5d97b7b14863931476d117c471e8e2b1eb39f/urllib3-2.3.0-py3-none-any.whl", hash = "sha256:1cee9ad369867bfdbbb48b7dd50374c0967a0bb7710050facf0dd6911440e3df", size = 128369 },
]
